
Microsoft Visual Studio Solution File, Format Version 12.00
# Visual Studio Version 17
VisualStudioVersion = 17.14.36804.6 d17.14
MinimumVisualStudioVersion = 10.0.40219.1
Project("{FAE04EC0-301F-11D3-BF4B-00C04F79EFBC}") = "ZerodaTrade", "ZerodaTrade.csproj", "{5B9AFB88-5018-42E6-AC65-53EF7BDBAEEB}"
EndProject
Global
	GlobalSection(SolutionConfigurationPlatforms) = preSolution
		Debug|Any CPU = Debug|Any CPU
		Release|Any CPU = Release|Any CPU
	EndGlobalSection
	GlobalSection(ProjectConfigurationPlatforms) = postSolution
		{5B9AFB88-5018-42E6-AC65-53EF7BDBAEEB}.Debug|Any CPU.ActiveCfg = Debug|Any CPU
		{5B9AFB88-5018-42E6-AC65-53EF7BDBAEEB}.Debug|Any CPU.Build.0 = Debug|Any CPU
		{5B9AFB88-5018-42E6-AC65-53EF7BDBAEEB}.Release|Any CPU.ActiveCfg = Release|Any CPU
		{5B9AFB88-5018-42E6-AC65-53EF7BDBAEEB}.Release|Any CPU.Build.0 = Release|Any CPU
	EndGlobalSection
	GlobalSection(SolutionProperties) = preSolution
		HideSolutionNode = FALSE
	EndGlobalSection
	GlobalSection(ExtensibilityGlobals) = postSolution
		SolutionGuid = {BD9A8CFB-90C4-4229-840F-F456E48792F9}
	EndGlobalSection
EndGlobal
